{
  "version": "3",
  "packages": {
    "specifiers": {
      "jsr:@oak/commons@0.7": "jsr:@oak/commons@0.7.0",
      "jsr:@std/assert@0.218": "jsr:@std/assert@0.218.2",
      "jsr:@std/assert@^0.218.2": "jsr:@std/assert@0.218.2",
      "jsr:@std/crypto@0.218": "jsr:@std/crypto@0.218.2",
      "jsr:@std/encoding@0.218": "jsr:@std/encoding@0.218.2",
      "jsr:@std/encoding@^0.218.2": "jsr:@std/encoding@0.218.2",
      "jsr:@std/http@0.218": "jsr:@std/http@0.218.2",
      "jsr:@std/media-types@0.218": "jsr:@std/media-types@0.218.2",
      "npm:@types/node": "npm:@types/node@18.16.19",
      "npm:path-to-regexp@6.2.1": "npm:path-to-regexp@6.2.1",
      "npm:url": "npm:url@0.11.3",
      "npm:vite": "npm:vite@5.2.8_@types+node@18.16.19"
    },
    "jsr": {
      "@oak/commons@0.7.0": {
        "integrity": "4bd889b3dc9ddac1b602034d88c137f06de7078775961b51081beb5f175c120b"
      },
      "@std/assert@0.218.2": {
        "integrity": "7f0a5a1a8cf86607cd6c2c030584096e1ffad27fc9271429a8cb48cfbdee5eaf"
      },
      "@std/crypto@0.218.2": {
        "integrity": "8c5031a3a1c3ac3bed3c0d4bed2fe7e7faedcb673bbfa0edd10570c8452f5cd2",
        "dependencies": [
          "jsr:@std/assert@^0.218.2",
          "jsr:@std/encoding@^0.218.2"
        ]
      },
      "@std/encoding@0.218.2": {
        "integrity": "da55a763c29bf0dbf06fd286430b358266eb99c28789d89fe9a3e28edecb8d8e"
      },
      "@std/http@0.218.2": {
        "integrity": "54223b62702e665b9dab6373ea2e51235e093ef47228d21cfa0469ee5ac75c9b",
        "dependencies": [
          "jsr:@std/assert@^0.218.2",
          "jsr:@std/encoding@^0.218.2"
        ]
      },
      "@std/media-types@0.218.2": {
        "integrity": "1ed3bd2a05e44bad3fc2bab1767d0ce7f2fd68baee62a980751ce51633acb788"
      }
    },
    "npm": {
      "@esbuild/aix-ppc64@0.20.2": {
        "integrity": "sha512-D+EBOJHXdNZcLJRBkhENNG8Wji2kgc9AZ9KiPr1JuZjsNtyHzrsfLRrY0tk2H2aoFu6RANO1y1iPPUCDYWkb5g==",
        "dependencies": {}
      },
      "@esbuild/android-arm64@0.20.2": {
        "integrity": "sha512-mRzjLacRtl/tWU0SvD8lUEwb61yP9cqQo6noDZP/O8VkwafSYwZ4yWy24kan8jE/IMERpYncRt2dw438LP3Xmg==",
        "dependencies": {}
      },
      "@esbuild/android-arm@0.20.2": {
        "integrity": "sha512-t98Ra6pw2VaDhqNWO2Oph2LXbz/EJcnLmKLGBJwEwXX/JAN83Fym1rU8l0JUWK6HkIbWONCSSatf4sf2NBRx/w==",
        "dependencies": {}
      },
      "@esbuild/android-x64@0.20.2": {
        "integrity": "sha512-btzExgV+/lMGDDa194CcUQm53ncxzeBrWJcncOBxuC6ndBkKxnHdFJn86mCIgTELsooUmwUm9FkhSp5HYu00Rg==",
        "dependencies": {}
      },
      "@esbuild/darwin-arm64@0.20.2": {
        "integrity": "sha512-4J6IRT+10J3aJH3l1yzEg9y3wkTDgDk7TSDFX+wKFiWjqWp/iCfLIYzGyasx9l0SAFPT1HwSCR+0w/h1ES/MjA==",
        "dependencies": {}
      },
      "@esbuild/darwin-x64@0.20.2": {
        "integrity": "sha512-tBcXp9KNphnNH0dfhv8KYkZhjc+H3XBkF5DKtswJblV7KlT9EI2+jeA8DgBjp908WEuYll6pF+UStUCfEpdysA==",
        "dependencies": {}
      },
      "@esbuild/freebsd-arm64@0.20.2": {
        "integrity": "sha512-d3qI41G4SuLiCGCFGUrKsSeTXyWG6yem1KcGZVS+3FYlYhtNoNgYrWcvkOoaqMhwXSMrZRl69ArHsGJ9mYdbbw==",
        "dependencies": {}
      },
      "@esbuild/freebsd-x64@0.20.2": {
        "integrity": "sha512-d+DipyvHRuqEeM5zDivKV1KuXn9WeRX6vqSqIDgwIfPQtwMP4jaDsQsDncjTDDsExT4lR/91OLjRo8bmC1e+Cw==",
        "dependencies": {}
      },
      "@esbuild/linux-arm64@0.20.2": {
        "integrity": "sha512-9pb6rBjGvTFNira2FLIWqDk/uaf42sSyLE8j1rnUpuzsODBq7FvpwHYZxQ/It/8b+QOS1RYfqgGFNLRI+qlq2A==",
        "dependencies": {}
      },
      "@esbuild/linux-arm@0.20.2": {
        "integrity": "sha512-VhLPeR8HTMPccbuWWcEUD1Az68TqaTYyj6nfE4QByZIQEQVWBB8vup8PpR7y1QHL3CpcF6xd5WVBU/+SBEvGTg==",
        "dependencies": {}
      },
      "@esbuild/linux-ia32@0.20.2": {
        "integrity": "sha512-o10utieEkNPFDZFQm9CoP7Tvb33UutoJqg3qKf1PWVeeJhJw0Q347PxMvBgVVFgouYLGIhFYG0UGdBumROyiig==",
        "dependencies": {}
      },
      "@esbuild/linux-loong64@0.20.2": {
        "integrity": "sha512-PR7sp6R/UC4CFVomVINKJ80pMFlfDfMQMYynX7t1tNTeivQ6XdX5r2XovMmha/VjR1YN/HgHWsVcTRIMkymrgQ==",
        "dependencies": {}
      },
      "@esbuild/linux-mips64el@0.20.2": {
        "integrity": "sha512-4BlTqeutE/KnOiTG5Y6Sb/Hw6hsBOZapOVF6njAESHInhlQAghVVZL1ZpIctBOoTFbQyGW+LsVYZ8lSSB3wkjA==",
        "dependencies": {}
      },
      "@esbuild/linux-ppc64@0.20.2": {
        "integrity": "sha512-rD3KsaDprDcfajSKdn25ooz5J5/fWBylaaXkuotBDGnMnDP1Uv5DLAN/45qfnf3JDYyJv/ytGHQaziHUdyzaAg==",
        "dependencies": {}
      },
      "@esbuild/linux-riscv64@0.20.2": {
        "integrity": "sha512-snwmBKacKmwTMmhLlz/3aH1Q9T8v45bKYGE3j26TsaOVtjIag4wLfWSiZykXzXuE1kbCE+zJRmwp+ZbIHinnVg==",
        "dependencies": {}
      },
      "@esbuild/linux-s390x@0.20.2": {
        "integrity": "sha512-wcWISOobRWNm3cezm5HOZcYz1sKoHLd8VL1dl309DiixxVFoFe/o8HnwuIwn6sXre88Nwj+VwZUvJf4AFxkyrQ==",
        "dependencies": {}
      },
      "@esbuild/linux-x64@0.20.2": {
        "integrity": "sha512-1MdwI6OOTsfQfek8sLwgyjOXAu+wKhLEoaOLTjbijk6E2WONYpH9ZU2mNtR+lZ2B4uwr+usqGuVfFT9tMtGvGw==",
        "dependencies": {}
      },
      "@esbuild/netbsd-x64@0.20.2": {
        "integrity": "sha512-K8/DhBxcVQkzYc43yJXDSyjlFeHQJBiowJ0uVL6Tor3jGQfSGHNNJcWxNbOI8v5k82prYqzPuwkzHt3J1T1iZQ==",
        "dependencies": {}
      },
      "@esbuild/openbsd-x64@0.20.2": {
        "integrity": "sha512-eMpKlV0SThJmmJgiVyN9jTPJ2VBPquf6Kt/nAoo6DgHAoN57K15ZghiHaMvqjCye/uU4X5u3YSMgVBI1h3vKrQ==",
        "dependencies": {}
      },
      "@esbuild/sunos-x64@0.20.2": {
        "integrity": "sha512-2UyFtRC6cXLyejf/YEld4Hajo7UHILetzE1vsRcGL3earZEW77JxrFjH4Ez2qaTiEfMgAXxfAZCm1fvM/G/o8w==",
        "dependencies": {}
      },
      "@esbuild/win32-arm64@0.20.2": {
        "integrity": "sha512-GRibxoawM9ZCnDxnP3usoUDO9vUkpAxIIZ6GQI+IlVmr5kP3zUq+l17xELTHMWTWzjxa2guPNyrpq1GWmPvcGQ==",
        "dependencies": {}
      },
      "@esbuild/win32-ia32@0.20.2": {
        "integrity": "sha512-HfLOfn9YWmkSKRQqovpnITazdtquEW8/SoHW7pWpuEeguaZI4QnCRW6b+oZTztdBnZOS2hqJ6im/D5cPzBTTlQ==",
        "dependencies": {}
      },
      "@esbuild/win32-x64@0.20.2": {
        "integrity": "sha512-N49X4lJX27+l9jbLKSqZ6bKNjzQvHaT8IIFUy+YIqmXQdjYCToGWwOItDrfby14c78aDd5NHQl29xingXfCdLQ==",
        "dependencies": {}
      },
      "@rollup/rollup-android-arm-eabi@4.14.2": {
        "integrity": "sha512-ahxSgCkAEk+P/AVO0vYr7DxOD3CwAQrT0Go9BJyGQ9Ef0QxVOfjDZMiF4Y2s3mLyPrjonchIMH/tbWHucJMykQ==",
        "dependencies": {}
      },
      "@rollup/rollup-android-arm64@4.14.2": {
        "integrity": "sha512-lAarIdxZWbFSHFSDao9+I/F5jDaKyCqAPMq5HqnfpBw8dKDiCaaqM0lq5h1pQTLeIqueeay4PieGR5jGZMWprw==",
        "dependencies": {}
      },
      "@rollup/rollup-darwin-arm64@4.14.2": {
        "integrity": "sha512-SWsr8zEUk82KSqquIMgZEg2GE5mCSfr9sE/thDROkX6pb3QQWPp8Vw8zOq2GyxZ2t0XoSIUlvHDkrf5Gmf7x3Q==",
        "dependencies": {}
      },
      "@rollup/rollup-darwin-x64@4.14.2": {
        "integrity": "sha512-o/HAIrQq0jIxJAhgtIvV5FWviYK4WB0WwV91SLUnsliw1lSAoLsmgEEgRWzDguAFeUEUUoIWXiJrPqU7vGiVkA==",
        "dependencies": {}
      },
      "@rollup/rollup-linux-arm-gnueabihf@4.14.2": {
        "integrity": "sha512-nwlJ65UY9eGq91cBi6VyDfArUJSKOYt5dJQBq8xyLhvS23qO+4Nr/RreibFHjP6t+5ap2ohZrUJcHv5zk5ju/g==",
        "dependencies": {}
      },
      "@rollup/rollup-linux-arm64-gnu@4.14.2": {
        "integrity": "sha512-Pg5TxxO2IVlMj79+c/9G0LREC9SY3HM+pfAwX7zj5/cAuwrbfj2Wv9JbMHIdPCfQpYsI4g9mE+2Bw/3aeSs2rQ==",
        "dependencies": {}
      },
      "@rollup/rollup-linux-arm64-musl@4.14.2": {
        "integrity": "sha512-cAOTjGNm84gc6tS02D1EXtG7tDRsVSDTBVXOLbj31DkwfZwgTPYZ6aafSU7rD/4R2a34JOwlF9fQayuTSkoclA==",
        "dependencies": {}
      },
      "@rollup/rollup-linux-powerpc64le-gnu@4.14.2": {
        "integrity": "sha512-4RyT6v1kXb7C0fn6zV33rvaX05P0zHoNzaXI/5oFHklfKm602j+N4mn2YvoezQViRLPnxP8M1NaY4s/5kXO5cw==",
        "dependencies": {}
      },
      "@rollup/rollup-linux-riscv64-gnu@4.14.2": {
        "integrity": "sha512-KNUH6jC/vRGAKSorySTyc/yRYlCwN/5pnMjXylfBniwtJx5O7X17KG/0efj8XM3TZU7raYRXJFFReOzNmL1n1w==",
        "dependencies": {}
      },
      "@rollup/rollup-linux-s390x-gnu@4.14.2": {
        "integrity": "sha512-xPV4y73IBEXToNPa3h5lbgXOi/v0NcvKxU0xejiFw6DtIYQqOTMhZ2DN18/HrrP0PmiL3rGtRG9gz1QE8vFKXQ==",
        "dependencies": {}
      },
      "@rollup/rollup-linux-x64-gnu@4.14.2": {
        "integrity": "sha512-QBhtr07iFGmF9egrPOWyO5wciwgtzKkYPNLVCFZTmr4TWmY0oY2Dm/bmhHjKRwZoGiaKdNcKhFtUMBKvlchH+Q==",
        "dependencies": {}
      },
      "@rollup/rollup-linux-x64-musl@4.14.2": {
        "integrity": "sha512-8zfsQRQGH23O6qazZSFY5jP5gt4cFvRuKTpuBsC1ZnSWxV8ZKQpPqOZIUtdfMOugCcBvFGRa1pDC/tkf19EgBw==",
        "dependencies": {}
      },
      "@rollup/rollup-win32-arm64-msvc@4.14.2": {
        "integrity": "sha512-H4s8UjgkPnlChl6JF5empNvFHp77Jx+Wfy2EtmYPe9G22XV+PMuCinZVHurNe8ggtwoaohxARJZbaH/3xjB/FA==",
        "dependencies": {}
      },
      "@rollup/rollup-win32-ia32-msvc@4.14.2": {
        "integrity": "sha512-djqpAjm/i8erWYF0K6UY4kRO3X5+T4TypIqw60Q8MTqSBaQNpNXDhxdjpZ3ikgb+wn99svA7jxcXpiyg9MUsdw==",
        "dependencies": {}
      },
      "@rollup/rollup-win32-x64-msvc@4.14.2": {
        "integrity": "sha512-teAqzLT0yTYZa8ZP7zhFKEx4cotS8Tkk5XiqNMJhD4CpaWB1BHARE4Qy+RzwnXvSAYv+Q3jAqCVBS+PS+Yee8Q==",
        "dependencies": {}
      },
      "@types/estree@1.0.5": {
        "integrity": "sha512-/kYRxGDLWzHOB7q+wtSUQlFrtcdUccpfy+X+9iMBpHK8QLLhx2wIPYuS5DYtR9Wa/YlZAbIovy7qVdB1Aq6Lyw==",
        "dependencies": {}
      },
      "@types/node@18.16.19": {
        "integrity": "sha512-IXl7o+R9iti9eBW4Wg2hx1xQDig183jj7YLn8F7udNceyfkbn1ZxmzZXuak20gR40D7pIkIY1kYGx5VIGbaHKA==",
        "dependencies": {}
      },
      "call-bind@1.0.7": {
        "integrity": "sha512-GHTSNSYICQ7scH7sZ+M2rFopRoLh8t2bLSW6BbgrtLsahOIB5iyAVJf9GjWK3cYTDaMj4XdBpM1cA6pIS0Kv2w==",
        "dependencies": {
          "es-define-property": "es-define-property@1.0.0",
          "es-errors": "es-errors@1.3.0",
          "function-bind": "function-bind@1.1.2",
          "get-intrinsic": "get-intrinsic@1.2.4",
          "set-function-length": "set-function-length@1.2.2"
        }
      },
      "define-data-property@1.1.4": {
        "integrity": "sha512-rBMvIzlpA8v6E+SJZoo++HAYqsLrkg7MSfIinMPFhmkorw7X+dOXVJQs+QT69zGkzMyfDnIMN2Wid1+NbL3T+A==",
        "dependencies": {
          "es-define-property": "es-define-property@1.0.0",
          "es-errors": "es-errors@1.3.0",
          "gopd": "gopd@1.0.1"
        }
      },
      "es-define-property@1.0.0": {
        "integrity": "sha512-jxayLKShrEqqzJ0eumQbVhTYQM27CfT1T35+gCgDFoL82JLsXqTJ76zv6A0YLOgEnLUMvLzsDsGIrl8NFpT2gQ==",
        "dependencies": {
          "get-intrinsic": "get-intrinsic@1.2.4"
        }
      },
      "es-errors@1.3.0": {
        "integrity": "sha512-Zf5H2Kxt2xjTvbJvP2ZWLEICxA6j+hAmMzIlypy4xcBg1vKVnx89Wy0GbS+kf5cwCVFFzdCFh2XSCFNULS6csw==",
        "dependencies": {}
      },
      "esbuild@0.20.2": {
        "integrity": "sha512-WdOOppmUNU+IbZ0PaDiTst80zjnrOkyJNHoKupIcVyU8Lvla3Ugx94VzkQ32Ijqd7UhHJy75gNWDMUekcrSJ6g==",
        "dependencies": {
          "@esbuild/aix-ppc64": "@esbuild/aix-ppc64@0.20.2",
          "@esbuild/android-arm": "@esbuild/android-arm@0.20.2",
          "@esbuild/android-arm64": "@esbuild/android-arm64@0.20.2",
          "@esbuild/android-x64": "@esbuild/android-x64@0.20.2",
          "@esbuild/darwin-arm64": "@esbuild/darwin-arm64@0.20.2",
          "@esbuild/darwin-x64": "@esbuild/darwin-x64@0.20.2",
          "@esbuild/freebsd-arm64": "@esbuild/freebsd-arm64@0.20.2",
          "@esbuild/freebsd-x64": "@esbuild/freebsd-x64@0.20.2",
          "@esbuild/linux-arm": "@esbuild/linux-arm@0.20.2",
          "@esbuild/linux-arm64": "@esbuild/linux-arm64@0.20.2",
          "@esbuild/linux-ia32": "@esbuild/linux-ia32@0.20.2",
          "@esbuild/linux-loong64": "@esbuild/linux-loong64@0.20.2",
          "@esbuild/linux-mips64el": "@esbuild/linux-mips64el@0.20.2",
          "@esbuild/linux-ppc64": "@esbuild/linux-ppc64@0.20.2",
          "@esbuild/linux-riscv64": "@esbuild/linux-riscv64@0.20.2",
          "@esbuild/linux-s390x": "@esbuild/linux-s390x@0.20.2",
          "@esbuild/linux-x64": "@esbuild/linux-x64@0.20.2",
          "@esbuild/netbsd-x64": "@esbuild/netbsd-x64@0.20.2",
          "@esbuild/openbsd-x64": "@esbuild/openbsd-x64@0.20.2",
          "@esbuild/sunos-x64": "@esbuild/sunos-x64@0.20.2",
          "@esbuild/win32-arm64": "@esbuild/win32-arm64@0.20.2",
          "@esbuild/win32-ia32": "@esbuild/win32-ia32@0.20.2",
          "@esbuild/win32-x64": "@esbuild/win32-x64@0.20.2"
        }
      },
      "fsevents@2.3.3": {
        "integrity": "sha512-5xoDfX+fL7faATnagmWPpbFtwh/R77WmMMqqHGS65C3vvB0YHrgF+B1YmZ3441tMj5n63k0212XNoJwzlhffQw==",
        "dependencies": {}
      },
      "function-bind@1.1.2": {
        "integrity": "sha512-7XHNxH7qX9xG5mIwxkhumTox/MIRNcOgDrxWsMt2pAr23WHp6MrRlN7FBSFpCpr+oVO0F744iUgR82nJMfG2SA==",
        "dependencies": {}
      },
      "get-intrinsic@1.2.4": {
        "integrity": "sha512-5uYhsJH8VJBTv7oslg4BznJYhDoRI6waYCxMmCdnTrcCrHA/fCFKoTFz2JKKE0HdDFUF7/oQuhzumXJK7paBRQ==",
        "dependencies": {
          "es-errors": "es-errors@1.3.0",
          "function-bind": "function-bind@1.1.2",
          "has-proto": "has-proto@1.0.3",
          "has-symbols": "has-symbols@1.0.3",
          "hasown": "hasown@2.0.2"
        }
      },
      "gopd@1.0.1": {
        "integrity": "sha512-d65bNlIadxvpb/A2abVdlqKqV563juRnZ1Wtk6s1sIR8uNsXR70xqIzVqxVf1eTqDunwT2MkczEeaezCKTZhwA==",
        "dependencies": {
          "get-intrinsic": "get-intrinsic@1.2.4"
        }
      },
      "has-property-descriptors@1.0.2": {
        "integrity": "sha512-55JNKuIW+vq4Ke1BjOTjM2YctQIvCT7GFzHwmfZPGo5wnrgkid0YQtnAleFSqumZm4az3n2BS+erby5ipJdgrg==",
        "dependencies": {
          "es-define-property": "es-define-property@1.0.0"
        }
      },
      "has-proto@1.0.3": {
        "integrity": "sha512-SJ1amZAJUiZS+PhsVLf5tGydlaVB8EdFpaSO4gmiUKUOxk8qzn5AIy4ZeJUmh22znIdk/uMAUT2pl3FxzVUH+Q==",
        "dependencies": {}
      },
      "has-symbols@1.0.3": {
        "integrity": "sha512-l3LCuF6MgDNwTDKkdYGEihYjt5pRPbEg46rtlmnSPlUbgmB8LOIrKJbYYFBSbnPaJexMKtiPO8hmeRjRz2Td+A==",
        "dependencies": {}
      },
      "hasown@2.0.2": {
        "integrity": "sha512-0hJU9SCPvmMzIBdZFqNPXWa6dqh7WdH0cII9y+CyS8rG3nL48Bclra9HmKhVVUHyPWNH5Y7xDwAB7bfgSjkUMQ==",
        "dependencies": {
          "function-bind": "function-bind@1.1.2"
        }
      },
      "nanoid@3.3.7": {
        "integrity": "sha512-eSRppjcPIatRIMC1U6UngP8XFcz8MQWGQdt1MTBQ7NaAmvXDfvNxbvWV3x2y6CdEUciCSsDHDQZbhYaB8QEo2g==",
        "dependencies": {}
      },
      "object-inspect@1.13.1": {
        "integrity": "sha512-5qoj1RUiKOMsCCNLV1CBiPYE10sziTsnmNxkAI/rZhiD63CF7IqdFGC/XzjWjpSgLf0LxXX3bDFIh0E18f6UhQ==",
        "dependencies": {}
      },
      "path-to-regexp@6.2.1": {
        "integrity": "sha512-JLyh7xT1kizaEvcaXOQwOc2/Yhw6KZOvPf1S8401UyLk86CU79LN3vl7ztXGm/pZ+YjoyAJ4rxmHwbkBXJX+yw==",
        "dependencies": {}
      },
      "picocolors@1.0.0": {
        "integrity": "sha512-1fygroTLlHu66zi26VoTDv8yRgm0Fccecssto+MhsZ0D/DGW2sm8E8AjW7NU5VVTRt5GxbeZ5qBuJr+HyLYkjQ==",
        "dependencies": {}
      },
      "postcss@8.4.38": {
        "integrity": "sha512-Wglpdk03BSfXkHoQa3b/oulrotAkwrlLDRSOb9D0bN86FdRyE9lppSp33aHNPgBa0JKCoB+drFLZkQoRRYae5A==",
        "dependencies": {
          "nanoid": "nanoid@3.3.7",
          "picocolors": "picocolors@1.0.0",
          "source-map-js": "source-map-js@1.2.0"
        }
      },
      "punycode@1.4.1": {
        "integrity": "sha512-jmYNElW7yvO7TV33CjSmvSiE2yco3bV2czu/OzDKdMNVZQWfxCblURLhf+47syQRBntjfLdd/H0egrzIG+oaFQ==",
        "dependencies": {}
      },
      "qs@6.12.1": {
        "integrity": "sha512-zWmv4RSuB9r2mYQw3zxQuHWeU+42aKi1wWig/j4ele4ygELZ7PEO6MM7rim9oAQH2A5MWfsAVf/jPvTPgCbvUQ==",
        "dependencies": {
          "side-channel": "side-channel@1.0.6"
        }
      },
      "rollup@4.14.2": {
        "integrity": "sha512-WkeoTWvuBoFjFAhsEOHKRoZ3r9GfTyhh7Vff1zwebEFLEFjT1lG3784xEgKiTa7E+e70vsC81roVL2MP4tgEEQ==",
        "dependencies": {
          "@rollup/rollup-android-arm-eabi": "@rollup/rollup-android-arm-eabi@4.14.2",
          "@rollup/rollup-android-arm64": "@rollup/rollup-android-arm64@4.14.2",
          "@rollup/rollup-darwin-arm64": "@rollup/rollup-darwin-arm64@4.14.2",
          "@rollup/rollup-darwin-x64": "@rollup/rollup-darwin-x64@4.14.2",
          "@rollup/rollup-linux-arm-gnueabihf": "@rollup/rollup-linux-arm-gnueabihf@4.14.2",
          "@rollup/rollup-linux-arm64-gnu": "@rollup/rollup-linux-arm64-gnu@4.14.2",
          "@rollup/rollup-linux-arm64-musl": "@rollup/rollup-linux-arm64-musl@4.14.2",
          "@rollup/rollup-linux-powerpc64le-gnu": "@rollup/rollup-linux-powerpc64le-gnu@4.14.2",
          "@rollup/rollup-linux-riscv64-gnu": "@rollup/rollup-linux-riscv64-gnu@4.14.2",
          "@rollup/rollup-linux-s390x-gnu": "@rollup/rollup-linux-s390x-gnu@4.14.2",
          "@rollup/rollup-linux-x64-gnu": "@rollup/rollup-linux-x64-gnu@4.14.2",
          "@rollup/rollup-linux-x64-musl": "@rollup/rollup-linux-x64-musl@4.14.2",
          "@rollup/rollup-win32-arm64-msvc": "@rollup/rollup-win32-arm64-msvc@4.14.2",
          "@rollup/rollup-win32-ia32-msvc": "@rollup/rollup-win32-ia32-msvc@4.14.2",
          "@rollup/rollup-win32-x64-msvc": "@rollup/rollup-win32-x64-msvc@4.14.2",
          "@types/estree": "@types/estree@1.0.5",
          "fsevents": "fsevents@2.3.3"
        }
      },
      "set-function-length@1.2.2": {
        "integrity": "sha512-pgRc4hJ4/sNjWCSS9AmnS40x3bNMDTknHgL5UaMBTMyJnU90EgWh1Rz+MC9eFu4BuN/UwZjKQuY/1v3rM7HMfg==",
        "dependencies": {
          "define-data-property": "define-data-property@1.1.4",
          "es-errors": "es-errors@1.3.0",
          "function-bind": "function-bind@1.1.2",
          "get-intrinsic": "get-intrinsic@1.2.4",
          "gopd": "gopd@1.0.1",
          "has-property-descriptors": "has-property-descriptors@1.0.2"
        }
      },
      "side-channel@1.0.6": {
        "integrity": "sha512-fDW/EZ6Q9RiO8eFG8Hj+7u/oW+XrPTIChwCOM2+th2A6OblDtYYIpve9m+KvI9Z4C9qSEXlaGR6bTEYHReuglA==",
        "dependencies": {
          "call-bind": "call-bind@1.0.7",
          "es-errors": "es-errors@1.3.0",
          "get-intrinsic": "get-intrinsic@1.2.4",
          "object-inspect": "object-inspect@1.13.1"
        }
      },
      "source-map-js@1.2.0": {
        "integrity": "sha512-itJW8lvSA0TXEphiRoawsCksnlf8SyvmFzIhltqAHluXd88pkCd+cXJVHTDwdCr0IzwptSm035IHQktUu1QUMg==",
        "dependencies": {}
      },
      "url@0.11.3": {
        "integrity": "sha512-6hxOLGfZASQK/cijlZnZJTq8OXAkt/3YGfQX45vvMYXpZoo8NdWZcY73K108Jf759lS1Bv/8wXnHDTSz17dSRw==",
        "dependencies": {
          "punycode": "punycode@1.4.1",
          "qs": "qs@6.12.1"
        }
      },
      "vite@5.2.8_@types+node@18.16.19": {
        "integrity": "sha512-OyZR+c1CE8yeHw5V5t59aXsUPPVTHMDjEZz8MgguLL/Q7NblxhZUlTu9xSPqlsUO/y+X7dlU05jdhvyycD55DA==",
        "dependencies": {
          "@types/node": "@types/node@18.16.19",
          "esbuild": "esbuild@0.20.2",
          "fsevents": "fsevents@2.3.3",
          "postcss": "postcss@8.4.38",
          "rollup": "rollup@4.14.2"
        }
      }
    }
  },
  "redirects": {
    "https://deno.land/x/oak/mod.ts": "https://deno.land/x/oak@14.2.0/mod.ts",
    "https://esm.sh/v131/@types/lodash@4.14.197/index": "https://esm.sh/v131/@types/lodash@4.14.197/index~.d.ts",
    "https://esm.sh/v131/@types/lodash@^4/debounce~.d.ts": "https://esm.sh/v131/@types/lodash@4.14.197/debounce~.d.ts"
  },
  "remote": {
    "https://cdn.skypack.dev/-/d3-array@v3.1.1-Ibshj34oOmCw8da1RLSW/dist=es2019,mode=imports/optimized/d3-array.js": "8d212e48fb1a62da8a0e7d88553b89ea764175bf55da915e0fd3be06bd3ef16a",
    "https://cdn.skypack.dev/-/d3-array@v3.2.4-G4hy00bPnjF6FrSYpT32/dist=es2019,mode=imports/optimized/d3-array.js": "011294862ca952b18096ae391a80d11960cbff5ab72073f9a93753f7a4c26f4c",
    "https://cdn.skypack.dev/-/d3-color@v3.0.1-PMFX4FeSjgNPlkOOfuhz/dist=es2019,mode=imports/optimized/d3-color.js": "128086b1de7d5344d73eca626bdda24e97485ff1de918b8c7c495887d0789ee5",
    "https://cdn.skypack.dev/-/d3-delaunay@v6.0.4-8vxm7aIldY6XMTxF521F/dist=es2019,mode=imports/optimized/d3-delaunay.js": "2032f6e12108732fe4ad24e6d83cd7966844646f16971422626a3d4132b58fb7",
    "https://cdn.skypack.dev/-/d3-dsv@v3.0.1-u1xCRjaLJc0qqv1Z5ERe/dist=es2019,mode=imports/optimized/d3-dsv.js": "ee8d94e3983a87e119733e63b5269aa6ecf7db3d31b28ff325280a8b3f0f473b",
    "https://cdn.skypack.dev/-/d3-ease@v3.0.1-3U3Df2U0FScNGUqpZbGF/dist=es2019,mode=imports/optimized/d3-ease.js": "5412d85e916f73dd61292e25f9908d9da0d21e7ce9da1a4b913925a59cc7fa19",
    "https://cdn.skypack.dev/-/d3-format@v3.0.1-LyjmeNp0E5YokPvOjBaD/dist=es2019,mode=imports/optimized/d3-format.js": "f8167c8da61306385f6ca5ba875068d4c15e9e1db5c03491c0a432a98e21c09e",
    "https://cdn.skypack.dev/-/d3-interpolate@v3.0.1-i9AsUdFHwyaukRBWNe8d/dist=es2019,mode=imports/optimized/d3-interpolate.js": "aadf537e206a5f1e48dcab552f0a17b8f887bcee5c8ef912cd5d751a92b9b891",
    "https://cdn.skypack.dev/-/d3-path@v3.1.0-nHaUoYzlRDYONpece9h0/dist=es2019,mode=imports/optimized/d3-path.js": "72e048e6b1a2b2cb964bf5ddb60861442e9806f8a1ace929e72f570ab7136606",
    "https://cdn.skypack.dev/-/d3-scale@v4.0.2-qUv67mnQQKwRMEsPRKcO/dist=es2019,mode=imports/optimized/d3-scale.js": "c08304fc70ae543203285a0f4955a0cca909a710840e71ae05b0ca12f4c64a5f",
    "https://cdn.skypack.dev/-/d3-shape@v3.2.0-jvLE9CjF3Vp4eEpVme8s/dist=es2019,mode=imports/optimized/d3-shape.js": "6658fcecf3d47725ea0ad1c6e809007b1829c916c18a63bb0862d3d38b6f45b1",
    "https://cdn.skypack.dev/-/d3-time-format@v4.0.0-A7vYeSqgWxeXXSpz1rEp/dist=es2019,mode=imports/optimized/d3-time-format.js": "5277b829d88ffccc4272d0a4915f1f409e861635d53a185115600fa40e8cf9e3",
    "https://cdn.skypack.dev/-/d3-time@v3.0.0-Ww07wkuPsE2c8Ac33BKQ/dist=es2019,mode=imports/optimized/d3-time.js": "32505e0088a1f92257d08134be1d1f9486f290d94d879651b6cd551cdffe0954",
    "https://cdn.skypack.dev/-/delaunator@v5.0.0-5MwqNhLRHOkBYnNXuoGN/dist=es2019,mode=imports/optimized/delaunator.js": "9dd1f137878c199389014a4dfc46e173b201618a54a6eae96dfd8acf48eb254b",
    "https://cdn.skypack.dev/-/internmap@v2.0.3-GWZlRrRMFcDlELwTQEZq/dist=es2019,mode=imports/optimized/internmap.js": "77e29a5bef36c16d18121b32eada72008b641365e40ace81612c17db8c9fc00b",
    "https://cdn.skypack.dev/-/robust-predicates@v3.0.1-4p4J15SSeLeNloSXgtZt/dist=es2019,mode=imports/optimized/robust-predicates.js": "c5f50797ca0192ab760426db50aa8e1f4960647a0a44b7819537ea944a613dd8",
    "https://cdn.skypack.dev/d3-array@3": "f6badc76628b0f95bfa6c12eb943cfa680d1f9b171ed3306311015b47fa5fa49",
    "https://cdn.skypack.dev/d3-delaunay@6": "e8538b5068f32663f13ec859c924dbbbd4bb8d35188b7f849ad8c0f7c5d23584",
    "https://cdn.skypack.dev/d3-dsv@3": "5923a0b3f5c3cbccc828c5a7d6e1ccb62be1e694d6fcf7a7b855862d03d24944",
    "https://cdn.skypack.dev/d3-ease@3": "7efd964c56789a130e671d3e24b1d7f5f6c854d811214b7a81afaaa55f232a2d",
    "https://cdn.skypack.dev/d3-interpolate@3": "69377917290d6f9e25d8d24f9b9a4ae21b30e0e9c6a29da4101d74a796dae682",
    "https://cdn.skypack.dev/d3-scale@4": "48850e7d2c35b0443d726ed40e5238063cff7e88745f2d8d855a23ceb4ced2a9",
    "https://cdn.skypack.dev/d3-shape@3": "e9a73574c2995d0b91841a12178181e5125876a1c3172f6c9659edff6463d905",
    "https://deno.land/std@0.208.0/assert/_constants.ts": "8a9da298c26750b28b326b297316cdde860bc237533b07e1337c021379e6b2a9",
    "https://deno.land/std@0.208.0/assert/_diff.ts": "58e1461cc61d8eb1eacbf2a010932bf6a05b79344b02ca38095f9b805795dc48",
    "https://deno.land/std@0.208.0/assert/_format.ts": "a69126e8a469009adf4cf2a50af889aca364c349797e63174884a52ff75cf4c7",
    "https://deno.land/std@0.208.0/assert/assert.ts": "9a97dad6d98c238938e7540736b826440ad8c1c1e54430ca4c4e623e585607ee",
    "https://deno.land/std@0.208.0/assert/assert_equals.ts": "d8ec8a22447fbaf2fc9d7c3ed2e66790fdb74beae3e482855d75782218d68227",
    "https://deno.land/std@0.208.0/assert/assert_false.ts": "0ccbcaae910f52c857192ff16ea08bda40fdc79de80846c206bfc061e8c851c6",
    "https://deno.land/std@0.208.0/assert/assertion_error.ts": "4d0bde9b374dfbcbe8ac23f54f567b77024fb67dbb1906a852d67fe050d42f56",
    "https://deno.land/std@0.208.0/assert/equal.ts": "9f1a46d5993966d2596c44e5858eec821859b45f783a5ee2f7a695dfc12d8ece",
    "https://deno.land/std@0.208.0/fmt/colors.ts": "34b3f77432925eb72cf0bfb351616949746768620b8e5ead66da532f93d10ba2",
    "https://deno.land/std@0.208.0/path/_common/assert_path.ts": "061e4d093d4ba5aebceb2c4da3318bfe3289e868570e9d3a8e327d91c2958946",
    "https://deno.land/std@0.208.0/path/_common/basename.ts": "0d978ff818f339cd3b1d09dc914881f4d15617432ae519c1b8fdc09ff8d3789a",
    "https://deno.land/std@0.208.0/path/_common/common.ts": "9e4233b2eeb50f8b2ae10ecc2108f58583aea6fd3e8907827020282dc2b76143",
    "https://deno.land/std@0.208.0/path/_common/constants.ts": "e49961f6f4f48039c0dfed3c3f93e963ca3d92791c9d478ac5b43183413136e0",
    "https://deno.land/std@0.208.0/path/_common/dirname.ts": "2ba7fb4cc9fafb0f38028f434179579ce61d4d9e51296fad22b701c3d3cd7397",
    "https://deno.land/std@0.208.0/path/_common/format.ts": "11aa62e316dfbf22c126917f5e03ea5fe2ee707386555a8f513d27ad5756cf96",
    "https://deno.land/std@0.208.0/path/_common/from_file_url.ts": "ef1bf3197d2efbf0297a2bdbf3a61d804b18f2bcce45548ae112313ec5be3c22",
    "https://deno.land/std@0.208.0/path/_common/glob_to_reg_exp.ts": "5c3c2b79fc2294ec803d102bd9855c451c150021f452046312819fbb6d4dc156",
    "https://deno.land/std@0.208.0/path/_common/normalize.ts": "2ba7fb4cc9fafb0f38028f434179579ce61d4d9e51296fad22b701c3d3cd7397",
    "https://deno.land/std@0.208.0/path/_common/normalize_string.ts": "88c472f28ae49525f9fe82de8c8816d93442d46a30d6bb5063b07ff8a89ff589",
    "https://deno.land/std@0.208.0/path/_common/relative.ts": "1af19d787a2a84b8c534cc487424fe101f614982ae4851382c978ab2216186b4",
    "https://deno.land/std@0.208.0/path/_common/strip_trailing_separators.ts": "7ffc7c287e97bdeeee31b155828686967f222cd73f9e5780bfe7dfb1b58c6c65",
    "https://deno.land/std@0.208.0/path/_common/to_file_url.ts": "a8cdd1633bc9175b7eebd3613266d7c0b6ae0fb0cff24120b6092ac31662f9ae",
    "https://deno.land/std@0.208.0/path/_interface.ts": "6471159dfbbc357e03882c2266d21ef9afdb1e4aa771b0545e90db58a0ba314b",
    "https://deno.land/std@0.208.0/path/_os.ts": "30b0c2875f360c9296dbe6b7f2d528f0f9c741cecad2e97f803f5219e91b40a2",
    "https://deno.land/std@0.208.0/path/basename.ts": "04bb5ef3e86bba8a35603b8f3b69537112cdd19ce64b77f2522006da2977a5f3",
    "https://deno.land/std@0.208.0/path/common.ts": "f4d061c7d0b95a65c2a1a52439edec393e906b40f1caf4604c389fae7caa80f5",
    "https://deno.land/std@0.208.0/path/dirname.ts": "88a0a71c21debafc4da7a4cd44fd32e899462df458fbca152390887d41c40361",
    "https://deno.land/std@0.208.0/path/extname.ts": "2da4e2490f3b48b7121d19fb4c91681a5e11bd6bd99df4f6f47d7a71bb6ecdf2",
    "https://deno.land/std@0.208.0/path/format.ts": "3457530cc85d1b4bab175f9ae73998b34fd456c830d01883169af0681b8894fb",
    "https://deno.land/std@0.208.0/path/from_file_url.ts": "e7fa233ea1dff9641e8d566153a24d95010110185a6f418dd2e32320926043f8",
    "https://deno.land/std@0.208.0/path/glob_to_regexp.ts": "74d7448c471e293d03f05ccb968df4365fed6aaa508506b6325a8efdc01d8271",
    "https://deno.land/std@0.208.0/path/is_absolute.ts": "67232b41b860571c5b7537f4954c88d86ae2ba45e883ee37d3dec27b74909d13",
    "https://deno.land/std@0.208.0/path/is_glob.ts": "567dce5c6656bdedfc6b3ee6c0833e1e4db2b8dff6e62148e94a917f289c06ad",
    "https://deno.land/std@0.208.0/path/join.ts": "98d3d76c819af4a11a81d5ba2dbb319f1ce9d63fc2b615597d4bcfddd4a89a09",
    "https://deno.land/std@0.208.0/path/join_globs.ts": "9b84d5103b63d3dbed4b2cf8b12477b2ad415c7d343f1488505162dc0e5f4db8",
    "https://deno.land/std@0.208.0/path/mod.ts": "3defabebc98279e62b392fee7a6937adc932a8f4dcd2471441e36c15b97b00e0",
    "https://deno.land/std@0.208.0/path/normalize.ts": "aa95be9a92c7bd4f9dc0ba51e942a1973e2b93d266cd74f5ca751c136d520b66",
    "https://deno.land/std@0.208.0/path/normalize_glob.ts": "674baa82e1c00b6cb153bbca36e06f8e0337cb8062db6d905ab5de16076ca46b",
    "https://deno.land/std@0.208.0/path/parse.ts": "d87ff0deef3fb495bc0d862278ff96da5a06acf0625ca27769fc52ac0d3d6ece",
    "https://deno.land/std@0.208.0/path/posix/_util.ts": "ecf49560fedd7dd376c6156cc5565cad97c1abe9824f4417adebc7acc36c93e5",
    "https://deno.land/std@0.208.0/path/posix/basename.ts": "a630aeb8fd8e27356b1823b9dedd505e30085015407caa3396332752f6b8406a",
    "https://deno.land/std@0.208.0/path/posix/common.ts": "e781d395dc76f6282e3f7dd8de13194abb8b04a82d109593141abc6e95755c8b",
    "https://deno.land/std@0.208.0/path/posix/dirname.ts": "f48c9c42cc670803b505478b7ef162c7cfa9d8e751b59d278b2ec59470531472",
    "https://deno.land/std@0.208.0/path/posix/extname.ts": "ee7f6571a9c0a37f9218fbf510c440d1685a7c13082c348d701396cc795e0be0",
    "https://deno.land/std@0.208.0/path/posix/format.ts": "b94876f77e61bfe1f147d5ccb46a920636cd3cef8be43df330f0052b03875968",
    "https://deno.land/std@0.208.0/path/posix/from_file_url.ts": "b97287a83e6407ac27bdf3ab621db3fccbf1c27df0a1b1f20e1e1b5acf38a379",
    "https://deno.land/std@0.208.0/path/posix/glob_to_regexp.ts": "6ed00c71fbfe0ccc35977c35444f94e82200b721905a60bd1278b1b768d68b1a",
    "https://deno.land/std@0.208.0/path/posix/is_absolute.ts": "159900a3422d11069d48395568217eb7fc105ceda2683d03d9b7c0f0769e01b8",
    "https://deno.land/std@0.208.0/path/posix/is_glob.ts": "ec4fbc604b9db8487f7b56ab0e759b24a971ab6a45f7b0b698bc39b8b9f9680f",
    "https://deno.land/std@0.208.0/path/posix/join.ts": "0c0d84bdc344876930126640011ec1b888e6facf74153ffad9ef26813aa2a076",
    "https://deno.land/std@0.208.0/path/posix/join_globs.ts": "f4838d54b1f60a34a40625a3293f6e583135348be1b2974341ac04743cb26121",
    "https://deno.land/std@0.208.0/path/posix/mod.ts": "f1b08a7f64294b7de87fc37190d63b6ce5b02889af9290c9703afe01951360ae",
    "https://deno.land/std@0.208.0/path/posix/normalize.ts": "11de90a94ab7148cc46e5a288f7d732aade1d616bc8c862f5560fa18ff987b4b",
    "https://deno.land/std@0.208.0/path/posix/normalize_glob.ts": "10a1840c628ebbab679254d5fa1c20e59106102354fb648a1765aed72eb9f3f9",
    "https://deno.land/std@0.208.0/path/posix/parse.ts": "199208f373dd93a792e9c585352bfc73a6293411bed6da6d3bc4f4ef90b04c8e",
    "https://deno.land/std@0.208.0/path/posix/relative.ts": "e2f230608b0f083e6deaa06e063943e5accb3320c28aef8d87528fbb7fe6504c",
    "https://deno.land/std@0.208.0/path/posix/resolve.ts": "51579d83159d5c719518c9ae50812a63959bbcb7561d79acbdb2c3682236e285",
    "https://deno.land/std@0.208.0/path/posix/separator.ts": "0b6573b5f3269a3164d8edc9cefc33a02dd51003731c561008c8bb60220ebac1",
    "https://deno.land/std@0.208.0/path/posix/to_file_url.ts": "08d43ea839ee75e9b8b1538376cfe95911070a655cd312bc9a00f88ef14967b6",
    "https://deno.land/std@0.208.0/path/posix/to_namespaced_path.ts": "c9228a0e74fd37e76622cd7b142b8416663a9b87db643302fa0926b5a5c83bdc",
    "https://deno.land/std@0.208.0/path/relative.ts": "23d45ede8b7ac464a8299663a43488aad6b561414e7cbbe4790775590db6349c",
    "https://deno.land/std@0.208.0/path/resolve.ts": "5b184efc87155a0af9fa305ff68a109e28de9aee81fc3e77cd01380f19daf867",
    "https://deno.land/std@0.208.0/path/separator.ts": "40a3e9a4ad10bef23bc2cd6c610291b6c502a06237c2c4cd034a15ca78dedc1f",
    "https://deno.land/std@0.208.0/path/to_file_url.ts": "edaafa089e0bce386e1b2d47afe7c72e379ff93b28a5829a5885e4b6c626d864",
    "https://deno.land/std@0.208.0/path/to_namespaced_path.ts": "cf8734848aac3c7527d1689d2adf82132b1618eff3cc523a775068847416b22a",
    "https://deno.land/std@0.208.0/path/windows/_util.ts": "f32b9444554c8863b9b4814025c700492a2b57ff2369d015360970a1b1099d54",
    "https://deno.land/std@0.208.0/path/windows/basename.ts": "8a9dbf7353d50afbc5b221af36c02a72c2d1b2b5b9f7c65bf6a5a2a0baf88ad3",
    "https://deno.land/std@0.208.0/path/windows/common.ts": "e781d395dc76f6282e3f7dd8de13194abb8b04a82d109593141abc6e95755c8b",
    "https://deno.land/std@0.208.0/path/windows/dirname.ts": "5c2aa541384bf0bd9aca821275d2a8690e8238fa846198ef5c7515ce31a01a94",
    "https://deno.land/std@0.208.0/path/windows/extname.ts": "07f4fa1b40d06a827446b3e3bcc8d619c5546b079b8ed0c77040bbef716c7614",
    "https://deno.land/std@0.208.0/path/windows/format.ts": "343019130d78f172a5c49fdc7e64686a7faf41553268961e7b6c92a6d6548edf",
    "https://deno.land/std@0.208.0/path/windows/from_file_url.ts": "d53335c12b0725893d768be3ac6bf0112cc5b639d2deb0171b35988493b46199",
    "https://deno.land/std@0.208.0/path/windows/glob_to_regexp.ts": "290755e18ec6c1a4f4d711c3390537358e8e3179581e66261a0cf348b1a13395",
    "https://deno.land/std@0.208.0/path/windows/is_absolute.ts": "245b56b5f355ede8664bd7f080c910a97e2169972d23075554ae14d73722c53c",
    "https://deno.land/std@0.208.0/path/windows/is_glob.ts": "ec4fbc604b9db8487f7b56ab0e759b24a971ab6a45f7b0b698bc39b8b9f9680f",
    "https://deno.land/std@0.208.0/path/windows/join.ts": "e6600bf88edeeef4e2276e155b8de1d5dec0435fd526ba2dc4d37986b2882f16",
    "https://deno.land/std@0.208.0/path/windows/join_globs.ts": "f4838d54b1f60a34a40625a3293f6e583135348be1b2974341ac04743cb26121",
    "https://deno.land/std@0.208.0/path/windows/mod.ts": "d7040f461465c2c21c1c68fc988ef0bdddd499912138cde3abf6ad60c7fb3814",
    "https://deno.land/std@0.208.0/path/windows/normalize.ts": "9deebbf40c81ef540b7b945d4ccd7a6a2c5a5992f791e6d3377043031e164e69",
    "https://deno.land/std@0.208.0/path/windows/normalize_glob.ts": "344ff5ed45430495b9a3d695567291e50e00b1b3b04ea56712a2acf07ab5c128",
    "https://deno.land/std@0.208.0/path/windows/parse.ts": "120faf778fe1f22056f33ded069b68e12447668fcfa19540c0129561428d3ae5",
    "https://deno.land/std@0.208.0/path/windows/relative.ts": "026855cd2c36c8f28f1df3c6fbd8f2449a2aa21f48797a74700c5d872b86d649",
    "https://deno.land/std@0.208.0/path/windows/resolve.ts": "5ff441ab18a2346abadf778121128ee71bda4d0898513d4639a6ca04edca366b",
    "https://deno.land/std@0.208.0/path/windows/separator.ts": "ae21f27015f10510ed1ac4a0ba9c4c9c967cbdd9d9e776a3e4967553c397bd5d",
    "https://deno.land/std@0.208.0/path/windows/to_file_url.ts": "8e9ea9e1ff364aa06fa72999204229952d0a279dbb876b7b838b2b2fea55cce3",
    "https://deno.land/std@0.208.0/path/windows/to_namespaced_path.ts": "e0f4d4a5e77f28a5708c1a33ff24360f35637ba6d8f103d19661255ef7bfd50d",
    "https://deno.land/std@0.219.0/assert/_constants.ts": "a271e8ef5a573f1df8e822a6eb9d09df064ad66a4390f21b3e31f820a38e0975",
    "https://deno.land/std@0.219.0/assert/_diff.ts": "dcc63d94ca289aec80644030cf88ccbf7acaa6fbd7b0f22add93616b36593840",
    "https://deno.land/std@0.219.0/assert/_format.ts": "0ba808961bf678437fb486b56405b6fefad2cf87b5809667c781ddee8c32aff4",
    "https://deno.land/std@0.219.0/assert/assert.ts": "bec068b2fccdd434c138a555b19a2c2393b71dfaada02b7d568a01541e67cdc5",
    "https://deno.land/std@0.219.0/assert/assert_almost_equals.ts": "8b96b7385cc117668b0720115eb6ee73d04c9bcb2f5d2344d674918c9113688f",
    "https://deno.land/std@0.219.0/assert/assert_array_includes.ts": "1688d76317fd45b7e93ef9e2765f112fdf2b7c9821016cdfb380b9445374aed1",
    "https://deno.land/std@0.219.0/assert/assert_equals.ts": "4497c56fe7d2993b0d447926702802fc0becb44e319079e8eca39b482ee01b4e",
    "https://deno.land/std@0.219.0/assert/assert_exists.ts": "24a7bf965e634f909242cd09fbaf38bde6b791128ece08e33ab08586a7cc55c9",
    "https://deno.land/std@0.219.0/assert/assert_false.ts": "6f382568e5128c0f855e5f7dbda8624c1ed9af4fcc33ef4a9afeeedcdce99769",
    "https://deno.land/std@0.219.0/assert/assert_greater.ts": "4945cf5729f1a38874d7e589e0fe5cc5cd5abe5573ca2ddca9d3791aa891856c",
    "https://deno.land/std@0.219.0/assert/assert_greater_or_equal.ts": "573ed8823283b8d94b7443eb69a849a3c369a8eb9666b2d1db50c33763a5d219",
    "https://deno.land/std@0.219.0/assert/assert_instance_of.ts": "72dc1faff1e248692d873c89382fa1579dd7b53b56d52f37f9874a75b11ba444",
    "https://deno.land/std@0.219.0/assert/assert_is_error.ts": "6596f2b5ba89ba2fe9b074f75e9318cda97a2381e59d476812e30077fbdb6ed2",
    "https://deno.land/std@0.219.0/assert/assert_less.ts": "2b4b3fe7910f65f7be52212f19c3977ecb8ba5b2d6d0a296c83cde42920bb005",
    "https://deno.land/std@0.219.0/assert/assert_less_or_equal.ts": "b93d212fe669fbde959e35b3437ac9a4468f2e6b77377e7b6ea2cfdd825d38a0",
    "https://deno.land/std@0.219.0/assert/assert_match.ts": "ec2d9680ed3e7b9746ec57ec923a17eef6d476202f339ad91d22277d7f1d16e1",
    "https://deno.land/std@0.219.0/assert/assert_not_equals.ts": "ac86413ab70ffb14fdfc41740ba579a983fe355ba0ce4a9ab685e6b8e7f6a250",
    "https://deno.land/std@0.219.0/assert/assert_not_instance_of.ts": "8f720d92d83775c40b2542a8d76c60c2d4aeddaf8713c8d11df8984af2604931",
    "https://deno.land/std@0.219.0/assert/assert_not_match.ts": "b4b7c77f146963e2b673c1ce4846473703409eb93f5ab0eb60f6e6f8aeffe39f",
    "https://deno.land/std@0.219.0/assert/assert_not_strict_equals.ts": "da0b8ab60a45d5a9371088378e5313f624799470c3b54c76e8b8abeec40a77be",
    "https://deno.land/std@0.219.0/assert/assert_object_match.ts": "e85e5eef62a56ce364c3afdd27978ccab979288a3e772e6855c270a7b118fa49",
    "https://deno.land/std@0.219.0/assert/assert_rejects.ts": "5206ac37d883797d9504e3915a0c7b692df6efcdefff3889cc14bb5a325641dd",
    "https://deno.land/std@0.219.0/assert/assert_strict_equals.ts": "0425a98f70badccb151644c902384c12771a93e65f8ff610244b8147b03a2366",
    "https://deno.land/std@0.219.0/assert/assert_string_includes.ts": "dfb072a890167146f8e5bdd6fde887ce4657098e9f71f12716ef37f35fb6f4a7",
    "https://deno.land/std@0.219.0/assert/assert_throws.ts": "31f3c061338aec2c2c33731973d58ccd4f14e42f355501541409ee958d2eb8e5",
    "https://deno.land/std@0.219.0/assert/assertion_error.ts": "9f689a101ee586c4ce92f52fa7ddd362e86434ffdf1f848e45987dc7689976b8",
    "https://deno.land/std@0.219.0/assert/equal.ts": "fae5e8a52a11d3ac694bbe1a53e13a7969e3f60791262312e91a3e741ae519e2",
    "https://deno.land/std@0.219.0/assert/fail.ts": "f310e51992bac8e54f5fd8e44d098638434b2edb802383690e0d7a9be1979f1c",
    "https://deno.land/std@0.219.0/assert/mod.ts": "7e41449e77a31fef91534379716971bebcfc12686e143d38ada5438e04d4a90e",
    "https://deno.land/std@0.219.0/assert/unimplemented.ts": "47ca67d1c6dc53abd0bd729b71a31e0825fc452dbcd4fde4ca06789d5644e7fd",
    "https://deno.land/std@0.219.0/assert/unreachable.ts": "3670816a4ab3214349acb6730e3e6f5299021234657eefe05b48092f3848c270",
    "https://deno.land/std@0.219.0/fmt/colors.ts": "d239d84620b921ea520125d778947881f62c50e78deef2657073840b8af9559a",
    "https://deno.land/x/denoflate@1.2.1/mod.ts": "f5628e44b80b3d80ed525afa2ba0f12408e3849db817d47a883b801f9ce69dd6",
    "https://deno.land/x/denoflate@1.2.1/pkg/denoflate.js": "b9f9ad9457d3f12f28b1fb35c555f57443427f74decb403113d67364e4f2caf4",
    "https://deno.land/x/denoflate@1.2.1/pkg/denoflate_bg.wasm.js": "d581956245407a2115a3d7e8d85a9641c032940a8e810acbd59ca86afd34d44d",
    "https://deno.land/x/esbuild@v0.20.1/mod.js": "d50e500b53ce67e31116beba3916b0f9275c0e1cc20bc5cadc0fc1b7a3b06fd9",
    "https://deno.land/x/oak@14.2.0/application.ts": "27242ca872580c44321b71e2581bcb7a81004b326b06bb7e90c2625278e405c2",
    "https://deno.land/x/oak@14.2.0/body.ts": "da0ad584c6fb8acbe3ccad288ebb5e5cfd5e65e8186c0f6d43516bb6c11fb968",
    "https://deno.land/x/oak@14.2.0/content_disposition.ts": "8b8c3cb2fba7138cd5b7f82fc3b5ea39b33db924a824b28261659db7e164621e",
    "https://deno.land/x/oak@14.2.0/context.ts": "6a48ba99151478c5f7fd84072f722f9d20dd73816f175f001dbb8716a5225f6f",
    "https://deno.land/x/oak@14.2.0/deps.ts": "9fdb7a99720ad023d609dda13f5d0cb995e8b5cc0e223e08cf2b1fb94c1ddca6",
    "https://deno.land/x/oak@14.2.0/etag.ts": "68d2b34b6bbf41a5e57181f26a90e22ab2f5230d77bf7679b567444fb1a107de",
    "https://deno.land/x/oak@14.2.0/form_data.ts": "dd3599c3b8e47e154434bf43049898187519117403d3494433a68d708f0d1937",
    "https://deno.land/x/oak@14.2.0/forwarded.ts": "97fa621071e4878ce64196055b49cdf8ee63f1bb39185c9446bfb817c209bcc9",
    "https://deno.land/x/oak@14.2.0/headers.ts": "4d74f92a6eda8746473612c04176823e3d12c52189aa4239e624a8ae61835f14",
    "https://deno.land/x/oak@14.2.0/helpers.ts": "d198b50cb13abb1629406882a483c078015d75b3343991ad8ec69aabff879372",
    "https://deno.land/x/oak@14.2.0/http_server_bun.ts": "7d36a3caab01578545257f8d197abc063d30f2df88529ba2e845006c74223910",
    "https://deno.land/x/oak@14.2.0/http_server_native.ts": "ee1598e4bf798a0f6dfc04cde6639d318f73ae25963b13bacc355466e369758a",
    "https://deno.land/x/oak@14.2.0/http_server_native_request.ts": "e34b9ef0e4a52bd3d5d761fff010256612e538aba1bef643c5ea805931e6a410",
    "https://deno.land/x/oak@14.2.0/http_server_node.ts": "9ab25aae469e52aecd4cca85345a8e8ad9af6112a96728c13900ab6d51558ab9",
    "https://deno.land/x/oak@14.2.0/middleware.ts": "5165e0c18f0a3b92bf01ca9d9f0ae211b30ca9b23a9460f11334459a2ff715aa",
    "https://deno.land/x/oak@14.2.0/middleware/proxy.ts": "c136d22c3e396fdee6a9c2e2ba65388bb895d0f82af412c197bc7cda69e5664e",
    "https://deno.land/x/oak@14.2.0/middleware/serve.ts": "83f6559b4cd5e5d30bcbe6acc8478bb7dbcb98af719952bc2810e2d6ead664ea",
    "https://deno.land/x/oak@14.2.0/mod.ts": "0d29f7941ab1f170436a15c3c1f5de4fa94fbe32f4ec79732ed6e06c6b581ceb",
    "https://deno.land/x/oak@14.2.0/node_shims.ts": "4db1569b2b79b73f37c4d947f4aaa50a93e266d48fe67601c8a31af17a28884d",
    "https://deno.land/x/oak@14.2.0/range.ts": "789cb5bc86987843c4ea47e054cad6ceacfbe853c0a57f37a46596b8215c458e",
    "https://deno.land/x/oak@14.2.0/request.ts": "86ea0498e934257ecc07d15ea83493547d9db49a29ae98b4bc76ab234e7d862b",
    "https://deno.land/x/oak@14.2.0/response.ts": "b1985ece7b727d5ba8830ada09318f98ff967b25f63f3e976fc2ebda03b59750",
    "https://deno.land/x/oak@14.2.0/router.ts": "568e45888c8a2a571e983129f337f8a944f492653ec943328dd58a4eb914c599",
    "https://deno.land/x/oak@14.2.0/send.ts": "2ca6b54b16092ab209e2cbea1803947d101c5381bd59a84df5ce44cb1811999d",
    "https://deno.land/x/oak@14.2.0/structured_clone.ts": "a01fa10ea9aae733264557f962630f155873d3bf45dbb2a8e53be5daa1b8cf5a",
    "https://deno.land/x/oak@14.2.0/testing.ts": "157711ade8634f9377ca87147db4317861d51388c82e0da4ae829c142a123db8",
    "https://deno.land/x/oak@14.2.0/types.ts": "09f0494db5d642e3492d23cd46da665d2df2590ef7e987b0412659260453d1f9",
    "https://deno.land/x/oak@14.2.0/util.ts": "22fb55001472158ed4bdf53ce1a6848e10860507aa9a2e16d0b92d2b420f2a90",
    "https://esm.sh/lodash@4.17.21/debounce": "f81d98ed02f2c9378c0ae97b9fa6e85567e7b1e23150f9723cee0d30bf8b4ae9",
    "https://esm.sh/preact@10.20.1": "5c0877793f441a58c8109d0f6b8e07cce501f3dc4389ee4405d87a50de44db3c",
    "https://esm.sh/preact@10.20.1/hooks": "3c7307938d2318feb8fa1d5aed0a7550a25bff23434cc0fa76e036b80d877e2a",
    "https://esm.sh/preact@10.20.1/jsx-runtime": "0685dab9b7614e166950b5d5e969c90c9c441c3d2d051b5da8b0d9387b6db6b6",
    "https://esm.sh/stable/preact@10.20.1/denonext/hooks.js": "dc0ad52e80dfe7c7c8c220b95f39474e6507c2427ae96f73c5264718eac01431",
    "https://esm.sh/stable/preact@10.20.1/denonext/jsx-runtime.js": "5875f10c83338dd21c3c30ed55c77f3c79a6f37e1ea1939e2e071cc52b9805f0",
    "https://esm.sh/stable/preact@10.20.1/denonext/preact.mjs": "eed417f1653718f3b8b4b5d1b61ad66967fc02ed2cf86f7589ce0c813c8ed0b6",
    "https://esm.sh/v131/lodash@4.17.21/denonext/debounce.js": "2948cf2eb20c38ce1d7c9b1fc23b740615cd4c220b8347cd379029b7bf7558c8"
  }
}
